// !$*UTF8*$!
{
	archiveVersion = 1;
	classes = {
	};
	objectVersion = 46;
	objects = {

/* Begin PBXBuildFile section */
		800EBCF41CC8DCB700962D75 /* home_scan.png in Resources */ = {isa = PBXBuildFile; fileRef = 800EBCF21CC8DCB700962D75 /* home_scan.png */; };
		800EBCF51CC8DCB700962D75 /* home_search_background.png in Resources */ = {isa = PBXBuildFile; fileRef = 800EBCF31CC8DCB700962D75 /* home_search_background.png */; };
		80354F0C1CC6502B000BFC7E /* pic_logo_mtime.png in Resources */ = {isa = PBXBuildFile; fileRef = 80354F0B1CC6502B000BFC7E /* pic_logo_mtime.png */; };
		80354F0F1CC65A0A000BFC7E /* TopPoster.swift in Sources */ = {isa = PBXBuildFile; fileRef = 80354F0E1CC65A0A000BFC7E /* TopPoster.swift */; };
		80354F111CC65AE1000BFC7E /* GotoPage.swift in Sources */ = {isa = PBXBuildFile; fileRef = 80354F101CC65AE1000BFC7E /* GotoPage.swift */; };
		805337A61CC5DB7300C251E9 /* AppDelegate.swift in Sources */ = {isa = PBXBuildFile; fileRef = 805337A51CC5DB7300C251E9 /* AppDelegate.swift */; };
		805337AD1CC5DB7300C251E9 /* Assets.xcassets in Resources */ = {isa = PBXBuildFile; fileRef = 805337AC1CC5DB7300C251E9 /* Assets.xcassets */; };
		805337B01CC5DB7300C251E9 /* LaunchScreen.storyboard in Resources */ = {isa = PBXBuildFile; fileRef = 805337AE1CC5DB7300C251E9 /* LaunchScreen.storyboard */; };
		805337BB1CC5DB7300C251E9 /* ___SwiftTests.swift in Sources */ = {isa = PBXBuildFile; fileRef = 805337BA1CC5DB7300C251E9 /* ___SwiftTests.swift */; };
		805337C61CC5DB7300C251E9 /* ___SwiftUITests.swift in Sources */ = {isa = PBXBuildFile; fileRef = 805337C51CC5DB7300C251E9 /* ___SwiftUITests.swift */; };
		805337D61CC5E56800C251E9 /* MainTabBarViewController.swift in Sources */ = {isa = PBXBuildFile; fileRef = 805337D51CC5E56800C251E9 /* MainTabBarViewController.swift */; };
		805337E21CC6022500C251E9 /* tab_discover01.png in Resources */ = {isa = PBXBuildFile; fileRef = 805337D81CC6022500C251E9 /* tab_discover01.png */; };
		805337E31CC6022500C251E9 /* tab_discover02.png in Resources */ = {isa = PBXBuildFile; fileRef = 805337D91CC6022500C251E9 /* tab_discover02.png */; };
		805337E41CC6022500C251E9 /* tab_home01.png in Resources */ = {isa = PBXBuildFile; fileRef = 805337DA1CC6022500C251E9 /* tab_home01.png */; };
		805337E51CC6022500C251E9 /* tab_home02.png in Resources */ = {isa = PBXBuildFile; fileRef = 805337DB1CC6022500C251E9 /* tab_home02.png */; };
		805337E61CC6022500C251E9 /* tab_payticket01.png in Resources */ = {isa = PBXBuildFile; fileRef = 805337DC1CC6022500C251E9 /* tab_payticket01.png */; };
		805337E71CC6022500C251E9 /* tab_payticket02.png in Resources */ = {isa = PBXBuildFile; fileRef = 805337DD1CC6022500C251E9 /* tab_payticket02.png */; };
		805337E81CC6022500C251E9 /* tab_shop01.png in Resources */ = {isa = PBXBuildFile; fileRef = 805337DE1CC6022500C251E9 /* tab_shop01.png */; };
		805337E91CC6022500C251E9 /* tab_shop02.png in Resources */ = {isa = PBXBuildFile; fileRef = 805337DF1CC6022500C251E9 /* tab_shop02.png */; };
		805337EA1CC6022500C251E9 /* user01.png in Resources */ = {isa = PBXBuildFile; fileRef = 805337E01CC6022500C251E9 /* user01.png */; };
		805337EB1CC6022500C251E9 /* user02.png in Resources */ = {isa = PBXBuildFile; fileRef = 805337E11CC6022500C251E9 /* user02.png */; };
		805337F11CC60C3A00C251E9 /* MainTabbarButton.swift in Sources */ = {isa = PBXBuildFile; fileRef = 805337F01CC60C3A00C251E9 /* MainTabbarButton.swift */; };
		805337F51CC61F1A00C251E9 /* MainNavigationViewController.swift in Sources */ = {isa = PBXBuildFile; fileRef = 805337F41CC61F1A00C251E9 /* MainNavigationViewController.swift */; };
		805337F81CC61F4B00C251E9 /* HomeViewController.swift in Sources */ = {isa = PBXBuildFile; fileRef = 805337F61CC61F4B00C251E9 /* HomeViewController.swift */; };
		805337F91CC61F4B00C251E9 /* HomeViewController.xib in Resources */ = {isa = PBXBuildFile; fileRef = 805337F71CC61F4B00C251E9 /* HomeViewController.xib */; };
		805337FC1CC61FB000C251E9 /* BookTicketsViewController.swift in Sources */ = {isa = PBXBuildFile; fileRef = 805337FA1CC61FB000C251E9 /* BookTicketsViewController.swift */; };
		805337FD1CC61FB000C251E9 /* BookTicketsViewController.xib in Resources */ = {isa = PBXBuildFile; fileRef = 805337FB1CC61FB000C251E9 /* BookTicketsViewController.xib */; };
		805338001CC61FC400C251E9 /* ShoppingViewController.swift in Sources */ = {isa = PBXBuildFile; fileRef = 805337FE1CC61FC400C251E9 /* ShoppingViewController.swift */; };
		805338011CC61FC400C251E9 /* ShoppingViewController.xib in Resources */ = {isa = PBXBuildFile; fileRef = 805337FF1CC61FC400C251E9 /* ShoppingViewController.xib */; };
		805338041CC61FD200C251E9 /* DiscoverViewController.swift in Sources */ = {isa = PBXBuildFile; fileRef = 805338021CC61FD200C251E9 /* DiscoverViewController.swift */; };
		805338051CC61FD200C251E9 /* DiscoverViewController.xib in Resources */ = {isa = PBXBuildFile; fileRef = 805338031CC61FD200C251E9 /* DiscoverViewController.xib */; };
		805338081CC61FEF00C251E9 /* UsersViewController.swift in Sources */ = {isa = PBXBuildFile; fileRef = 805338061CC61FEF00C251E9 /* UsersViewController.swift */; };
		805338091CC61FEF00C251E9 /* UsersViewController.xib in Resources */ = {isa = PBXBuildFile; fileRef = 805338071CC61FEF00C251E9 /* UsersViewController.xib */; };
		805338121CC62E0F00C251E9 /* dialog_bg_blue.png in Resources */ = {isa = PBXBuildFile; fileRef = 805338111CC62E0F00C251E9 /* dialog_bg_blue.png */; };
		805338141CC62E7300C251E9 /* pic_title_bg9.png in Resources */ = {isa = PBXBuildFile; fileRef = 805338131CC62E7300C251E9 /* pic_title_bg9.png */; };
		805338161CC6384E00C251E9 /* BaseViewController.swift in Sources */ = {isa = PBXBuildFile; fileRef = 805338151CC6384E00C251E9 /* BaseViewController.swift */; };
		80559EAA1D77D98500823727 /* TimeFeaturedCollectionViewCell.swift in Sources */ = {isa = PBXBuildFile; fileRef = 80559EA81D77D98500823727 /* TimeFeaturedCollectionViewCell.swift */; };
		80559EAB1D77D98500823727 /* TimeFeaturedCollectionViewCell.xib in Resources */ = {isa = PBXBuildFile; fileRef = 80559EA91D77D98500823727 /* TimeFeaturedCollectionViewCell.xib */; };
		80559EAE1D77DC3500823727 /* TopPostersCollectionReusableView.swift in Sources */ = {isa = PBXBuildFile; fileRef = 80559EAC1D77DC3500823727 /* TopPostersCollectionReusableView.swift */; };
		80559EAF1D77DC3500823727 /* TopPostersCollectionReusableView.xib in Resources */ = {isa = PBXBuildFile; fileRef = 80559EAD1D77DC3500823727 /* TopPostersCollectionReusableView.xib */; };
		80559EB41D78130C00823727 /* UIButton+Blocks.m in Sources */ = {isa = PBXBuildFile; fileRef = 80559EB31D78130C00823727 /* UIButton+Blocks.m */; };
		805AB3941D7EA59B00E24FF9 /* QDZDateFormatterString.swift in Sources */ = {isa = PBXBuildFile; fileRef = 805AB3931D7EA59B00E24FF9 /* QDZDateFormatterString.swift */; };
		805AB3961D7EA92A00E24FF9 /* icon_new_home.png in Resources */ = {isa = PBXBuildFile; fileRef = 805AB3951D7EA92A00E24FF9 /* icon_new_home.png */; };
		805AB3981D7EA9C000E24FF9 /* low_new_tag.png in Resources */ = {isa = PBXBuildFile; fileRef = 805AB3971D7EA9C000E24FF9 /* low_new_tag.png */; };
		805AB39A1D7EAA6900E24FF9 /* button_green.png in Resources */ = {isa = PBXBuildFile; fileRef = 805AB3991D7EAA6900E24FF9 /* button_green.png */; };
		805AB39C1D7EADD700E24FF9 /* bt_solid_orange_66.png in Resources */ = {isa = PBXBuildFile; fileRef = 805AB39B1D7EADD700E24FF9 /* bt_solid_orange_66.png */; };
		805AB39E1D7EADE500E24FF9 /* bt_solid_green_66.png in Resources */ = {isa = PBXBuildFile; fileRef = 805AB39D1D7EADE500E24FF9 /* bt_solid_green_66.png */; };
		805D88B61D79890A00257CFD /* SalingTicketsCollectionViewCell.swift in Sources */ = {isa = PBXBuildFile; fileRef = 805D88B41D79890A00257CFD /* SalingTicketsCollectionViewCell.swift */; };
		805D88B71D79890A00257CFD /* SalingTicketsCollectionViewCell.xib in Resources */ = {isa = PBXBuildFile; fileRef = 805D88B51D79890A00257CFD /* SalingTicketsCollectionViewCell.xib */; };
		805D88B91D798A2900257CFD /* icon_down_arrow@2x.png in Resources */ = {isa = PBXBuildFile; fileRef = 805D88B81D798A2900257CFD /* icon_down_arrow@2x.png */; };
		805D88BB1D798C7D00257CFD /* icon_go@2x.png in Resources */ = {isa = PBXBuildFile; fileRef = 805D88BA1D798C7D00257CFD /* icon_go@2x.png */; };
		8061749C1D7D0E3B0051D11B /* TimeFeatured.json in Resources */ = {isa = PBXBuildFile; fileRef = 8061749A1D7D0E3B0051D11B /* TimeFeatured.json */; };
		8061749D1D7D0E3B0051D11B /* HotPlayers.json in Resources */ = {isa = PBXBuildFile; fileRef = 8061749B1D7D0E3B0051D11B /* HotPlayers.json */; };
		806174A51D7D17BD0051D11B /* HotMovieModel.swift in Sources */ = {isa = PBXBuildFile; fileRef = 806174A41D7D17BD0051D11B /* HotMovieModel.swift */; };
		806174A71D7D17E20051D11B /* HotMovies.swift in Sources */ = {isa = PBXBuildFile; fileRef = 806174A61D7D17E20051D11B /* HotMovies.swift */; };
		806174AA1D7D45330051D11B /* HotPlayersSecondCollectionViewCell.swift in Sources */ = {isa = PBXBuildFile; fileRef = 806174A81D7D45330051D11B /* HotPlayersSecondCollectionViewCell.swift */; };
		806174AB1D7D45330051D11B /* HotPlayersSecondCollectionViewCell.xib in Resources */ = {isa = PBXBuildFile; fileRef = 806174A91D7D45330051D11B /* HotPlayersSecondCollectionViewCell.xib */; };
		806174AE1D7D55030051D11B /* HotPlayersCollectionViewCell.swift in Sources */ = {isa = PBXBuildFile; fileRef = 806174AC1D7D55030051D11B /* HotPlayersCollectionViewCell.swift */; };
		806174AF1D7D55030051D11B /* HotPlayersCollectionViewCell.xib in Resources */ = {isa = PBXBuildFile; fileRef = 806174AD1D7D55030051D11B /* HotPlayersCollectionViewCell.xib */; };
		806174B11D7D58360051D11B /* QDZHorizontalScrollView.swift in Sources */ = {isa = PBXBuildFile; fileRef = 806174B01D7D58360051D11B /* QDZHorizontalScrollView.swift */; };
		806174B61D7D5B480051D11B /* HotPlayersItemCollectionViewCell.swift in Sources */ = {isa = PBXBuildFile; fileRef = 806174B41D7D5B480051D11B /* HotPlayersItemCollectionViewCell.swift */; };
		806174B71D7D5B480051D11B /* HotPlayersItemCollectionViewCell.xib in Resources */ = {isa = PBXBuildFile; fileRef = 806174B51D7D5B480051D11B /* HotPlayersItemCollectionViewCell.xib */; };
		806174B91D7D74F30051D11B /* pic_btn_orange_on.png in Resources */ = {isa = PBXBuildFile; fileRef = 806174B81D7D74F30051D11B /* pic_btn_orange_on.png */; };
		806174BB1D7D7E130051D11B /* img_home_new.png in Resources */ = {isa = PBXBuildFile; fileRef = 806174BA1D7D7E130051D11B /* img_home_new.png */; };
		80627FDA1D8264E000B0980C /* MoviesMallCollectionViewCell.swift in Sources */ = {isa = PBXBuildFile; fileRef = 80627FD81D8264E000B0980C /* MoviesMallCollectionViewCell.swift */; };
		80627FDB1D8264E000B0980C /* MoviesMallCollectionViewCell.xib in Resources */ = {isa = PBXBuildFile; fileRef = 80627FD91D8264E000B0980C /* MoviesMallCollectionViewCell.xib */; };
		80627FDE1D8268B500B0980C /* MoviesMallItemCollectionViewCell.swift in Sources */ = {isa = PBXBuildFile; fileRef = 80627FDC1D8268B500B0980C /* MoviesMallItemCollectionViewCell.swift */; };
		80627FDF1D8268B500B0980C /* MoviesMallItemCollectionViewCell.xib in Resources */ = {isa = PBXBuildFile; fileRef = 80627FDD1D8268B500B0980C /* MoviesMallItemCollectionViewCell.xib */; };
		80627FE51D82B99D00B0980C /* QDZColorExtensionUnity.swift in Sources */ = {isa = PBXBuildFile; fileRef = 80627FE41D82B99D00B0980C /* QDZColorExtensionUnity.swift */; };
		8066AB791D81444C00D7D77A /* HomeModel.swift in Sources */ = {isa = PBXBuildFile; fileRef = 8066AB781D81444C00D7D77A /* HomeModel.swift */; };
		8066AB7B1D81478A00D7D77A /* RecommendModel.swift in Sources */ = {isa = PBXBuildFile; fileRef = 8066AB7A1D81478A00D7D77A /* RecommendModel.swift */; };
		806E8EC31CC727F6001D791E /* test.json in Resources */ = {isa = PBXBuildFile; fileRef = 806E8EC21CC727F6001D791E /* test.json */; };
		806E8EF81CC75CD4001D791E /* lead_bg_logo.png in Resources */ = {isa = PBXBuildFile; fileRef = 806E8EF71CC75CD4001D791E /* lead_bg_logo.png */; };
		806EE8621CCDC3EB00595FBF /* TimerScrollView.swift in Sources */ = {isa = PBXBuildFile; fileRef = 806EE8611CCDC3EB00595FBF /* TimerScrollView.swift */; };
		806EE8641CCDE9D800595FBF /* ConnectStr.swift in Sources */ = {isa = PBXBuildFile; fileRef = 806EE8631CCDE9D800595FBF /* ConnectStr.swift */; };
		806EE8681CCDEF4200595FBF /* SGNetWorkManager.swift in Sources */ = {isa = PBXBuildFile; fileRef = 806EE8671CCDEF4200595FBF /* SGNetWorkManager.swift */; };
		8088D1FF1D755E45001687D8 /* NavigationBarAwesome.swift in Sources */ = {isa = PBXBuildFile; fileRef = 8088D1FE1D755E45001687D8 /* NavigationBarAwesome.swift */; };
		8092EF101D867CAE003081FE /* AdvListCollectionViewCell.swift in Sources */ = {isa = PBXBuildFile; fileRef = 8092EF0E1D867CAE003081FE /* AdvListCollectionViewCell.swift */; };
		8092EF111D867CAE003081FE /* AdvListCollectionViewCell.xib in Resources */ = {isa = PBXBuildFile; fileRef = 8092EF0F1D867CAE003081FE /* AdvListCollectionViewCell.xib */; };
		8092EF131D8689AF003081FE /* MallEntrysModel.swift in Sources */ = {isa = PBXBuildFile; fileRef = 8092EF121D8689AF003081FE /* MallEntrysModel.swift */; };
		8092EF181D868C84003081FE /* home_entry0.png in Resources */ = {isa = PBXBuildFile; fileRef = 8092EF141D868C84003081FE /* home_entry0.png */; };
		8092EF191D868C84003081FE /* home_entry1.png in Resources */ = {isa = PBXBuildFile; fileRef = 8092EF151D868C84003081FE /* home_entry1.png */; };
		8092EF1A1D868C84003081FE /* home_entry2.png in Resources */ = {isa = PBXBuildFile; fileRef = 8092EF161D868C84003081FE /* home_entry2.png */; };
		8092EF1B1D868C84003081FE /* home_entry3.png in Resources */ = {isa = PBXBuildFile; fileRef = 8092EF171D868C84003081FE /* home_entry3.png */; };
		8092EF1E1D869ABD003081FE /* AdvListTimerForScrollCollectionViewCell.swift in Sources */ = {isa = PBXBuildFile; fileRef = 8092EF1C1D869ABD003081FE /* AdvListTimerForScrollCollectionViewCell.swift */; };
		8092EF1F1D869ABD003081FE /* AdvListTimerForScrollCollectionViewCell.xib in Resources */ = {isa = PBXBuildFile; fileRef = 8092EF1D1D869ABD003081FE /* AdvListTimerForScrollCollectionViewCell.xib */; };
		8098B8F11CC786AD00A6B8B8 /* Config.swift in Sources */ = {isa = PBXBuildFile; fileRef = 8098B8F01CC786AD00A6B8B8 /* Config.swift */; };
		80F37CB71CCF0A63000AFB26 /* PosterDetailViewController.swift in Sources */ = {isa = PBXBuildFile; fileRef = 80F37CB51CCF0A63000AFB26 /* PosterDetailViewController.swift */; };
		80F37CB81CCF0A63000AFB26 /* PosterDetailViewController.xib in Resources */ = {isa = PBXBuildFile; fileRef = 80F37CB61CCF0A63000AFB26 /* PosterDetailViewController.xib */; };
		80F37CBA1CCF10C0000AFB26 /* DetailViewController.swift in Sources */ = {isa = PBXBuildFile; fileRef = 80F37CB91CCF10C0000AFB26 /* DetailViewController.swift */; };
		E828EE7B3C48563C5C17D0A6 /* libPods-时光网Swift.a in Frameworks */ = {isa = PBXBuildFile; fileRef = 8B2FFD9D49848FEFB4E62920 /* libPods-时光网Swift.a */; };
/* End PBXBuildFile section */

/* Begin PBXContainerItemProxy section */
		805337B71CC5DB7300C251E9 /* PBXContainerItemProxy */ = {
			isa = PBXContainerItemProxy;
			containerPortal = 8053379A1CC5DB7300C251E9 /* Project object */;
			proxyType = 1;
			remoteGlobalIDString = 805337A11CC5DB7300C251E9;
			remoteInfo = "时光网Swift";
		};
		805337C21CC5DB7300C251E9 /* PBXContainerItemProxy */ = {
			isa = PBXContainerItemProxy;
			containerPortal = 8053379A1CC5DB7300C251E9 /* Project object */;
			proxyType = 1;
			remoteGlobalIDString = 805337A11CC5DB7300C251E9;
			remoteInfo = "时光网Swift";
		};
/* End PBXContainerItemProxy section */

/* Begin PBXFileReference section */
		800EBCF21CC8DCB700962D75 /* home_scan.png */ = {isa = PBXFileReference; lastKnownFileType = image.png; path = home_scan.png; sourceTree = "<group>"; };
		800EBCF31CC8DCB700962D75 /* home_search_background.png */ = {isa = PBXFileReference; lastKnownFileType = image.png; path = home_search_background.png; sourceTree = "<group>"; };
		80354F0B1CC6502B000BFC7E /* pic_logo_mtime.png */ = {isa = PBXFileReference; lastKnownFileType = image.png; path = pic_logo_mtime.png; sourceTree = "<group>"; };
		80354F0E1CC65A0A000BFC7E /* TopPoster.swift */ = {isa = PBXFileReference; fileEncoding = 4; lastKnownFileType = sourcecode.swift; path = TopPoster.swift; sourceTree = "<group>"; };
		80354F101CC65AE1000BFC7E /* GotoPage.swift */ = {isa = PBXFileReference; fileEncoding = 4; lastKnownFileType = sourcecode.swift; path = GotoPage.swift; sourceTree = "<group>"; };
		805337A21CC5DB7300C251E9 /* 时光网Swift.app */ = {isa = PBXFileReference; explicitFileType = wrapper.application; includeInIndex = 0; path = "时光网Swift.app"; sourceTree = BUILT_PRODUCTS_DIR; };
		805337A51CC5DB7300C251E9 /* AppDelegate.swift */ = {isa = PBXFileReference; lastKnownFileType = sourcecode.swift; path = AppDelegate.swift; sourceTree = "<group>"; };
		805337AC1CC5DB7300C251E9 /* Assets.xcassets */ = {isa = PBXFileReference; lastKnownFileType = folder.assetcatalog; path = Assets.xcassets; sourceTree = "<group>"; };
		805337AF1CC5DB7300C251E9 /* Base */ = {isa = PBXFileReference; lastKnownFileType = file.storyboard; name = Base; path = Base.lproj/LaunchScreen.storyboard; sourceTree = "<group>"; };
		805337B11CC5DB7300C251E9 /* Info.plist */ = {isa = PBXFileReference; lastKnownFileType = text.plist.xml; path = Info.plist; sourceTree = "<group>"; };
		805337B61CC5DB7300C251E9 /* 时光网SwiftTests.xctest */ = {isa = PBXFileReference; explicitFileType = wrapper.cfbundle; includeInIndex = 0; path = "时光网SwiftTests.xctest"; sourceTree = BUILT_PRODUCTS_DIR; };
		805337BA1CC5DB7300C251E9 /* ___SwiftTests.swift */ = {isa = PBXFileReference; lastKnownFileType = sourcecode.swift; path = "___SwiftTests.swift"; sourceTree = "<group>"; };
		805337BC1CC5DB7300C251E9 /* Info.plist */ = {isa = PBXFileReference; lastKnownFileType = text.plist.xml; path = Info.plist; sourceTree = "<group>"; };
		805337C11CC5DB7300C251E9 /* 时光网SwiftUITests.xctest */ = {isa = PBXFileReference; explicitFileType = wrapper.cfbundle; includeInIndex = 0; path = "时光网SwiftUITests.xctest"; sourceTree = BUILT_PRODUCTS_DIR; };
		805337C51CC5DB7300C251E9 /* ___SwiftUITests.swift */ = {isa = PBXFileReference; lastKnownFileType = sourcecode.swift; path = "___SwiftUITests.swift"; sourceTree = "<group>"; };
		805337C71CC5DB7300C251E9 /* Info.plist */ = {isa = PBXFileReference; lastKnownFileType = text.plist.xml; path = Info.plist; sourceTree = "<group>"; };
		805337D51CC5E56800C251E9 /* MainTabBarViewController.swift */ = {isa = PBXFileReference; fileEncoding = 4; lastKnownFileType = sourcecode.swift; name = MainTabBarViewController.swift; path = ../MainTabBarViewController.swift; sourceTree = "<group>"; };
		805337D81CC6022500C251E9 /* tab_discover01.png */ = {isa = PBXFileReference; lastKnownFileType = image.png; path = tab_discover01.png; sourceTree = "<group>"; };
		805337D91CC6022500C251E9 /* tab_discover02.png */ = {isa = PBXFileReference; lastKnownFileType = image.png; path = tab_discover02.png; sourceTree = "<group>"; };
		805337DA1CC6022500C251E9 /* tab_home01.png */ = {isa = PBXFileReference; lastKnownFileType = image.png; path = tab_home01.png; sourceTree = "<group>"; };
		805337DB1CC6022500C251E9 /* tab_home02.png */ = {isa = PBXFileReference; lastKnownFileType = image.png; path = tab_home02.png; sourceTree = "<group>"; };
		805337DC1CC6022500C251E9 /* tab_payticket01.png */ = {isa = PBXFileReference; lastKnownFileType = image.png; path = tab_payticket01.png; sourceTree = "<group>"; };
		805337DD1CC6022500C251E9 /* tab_payticket02.png */ = {isa = PBXFileReference; lastKnownFileType = image.png; path = tab_payticket02.png; sourceTree = "<group>"; };
		805337DE1CC6022500C251E9 /* tab_shop01.png */ = {isa = PBXFileReference; lastKnownFileType = image.png; path = tab_shop01.png; sourceTree = "<group>"; };
		805337DF1CC6022500C251E9 /* tab_shop02.png */ = {isa = PBXFileReference; lastKnownFileType = image.png; path = tab_shop02.png; sourceTree = "<group>"; };
		805337E01CC6022500C251E9 /* user01.png */ = {isa = PBXFileReference; lastKnownFileType = image.png; path = user01.png; sourceTree = "<group>"; };
		805337E11CC6022500C251E9 /* user02.png */ = {isa = PBXFileReference; lastKnownFileType = image.png; path = user02.png; sourceTree = "<group>"; };
		805337F01CC60C3A00C251E9 /* MainTabbarButton.swift */ = {isa = PBXFileReference; fileEncoding = 4; lastKnownFileType = sourcecode.swift; path = MainTabbarButton.swift; sourceTree = "<group>"; };
		805337F41CC61F1A00C251E9 /* MainNavigationViewController.swift */ = {isa = PBXFileReference; fileEncoding = 4; lastKnownFileType = sourcecode.swift; path = MainNavigationViewController.swift; sourceTree = "<group>"; };
		805337F61CC61F4B00C251E9 /* HomeViewController.swift */ = {isa = PBXFileReference; fileEncoding = 4; lastKnownFileType = sourcecode.swift; path = HomeViewController.swift; sourceTree = "<group>"; };
		805337F71CC61F4B00C251E9 /* HomeViewController.xib */ = {isa = PBXFileReference; fileEncoding = 4; lastKnownFileType = file.xib; path = HomeViewController.xib; sourceTree = "<group>"; };
		805337FA1CC61FB000C251E9 /* BookTicketsViewController.swift */ = {isa = PBXFileReference; fileEncoding = 4; lastKnownFileType = sourcecode.swift; path = BookTicketsViewController.swift; sourceTree = "<group>"; };
		805337FB1CC61FB000C251E9 /* BookTicketsViewController.xib */ = {isa = PBXFileReference; fileEncoding = 4; lastKnownFileType = file.xib; path = BookTicketsViewController.xib; sourceTree = "<group>"; };
		805337FE1CC61FC400C251E9 /* ShoppingViewController.swift */ = {isa = PBXFileReference; fileEncoding = 4; lastKnownFileType = sourcecode.swift; path = ShoppingViewController.swift; sourceTree = "<group>"; };
		805337FF1CC61FC400C251E9 /* ShoppingViewController.xib */ = {isa = PBXFileReference; fileEncoding = 4; lastKnownFileType = file.xib; path = ShoppingViewController.xib; sourceTree = "<group>"; };
		805338021CC61FD200C251E9 /* DiscoverViewController.swift */ = {isa = PBXFileReference; fileEncoding = 4; lastKnownFileType = sourcecode.swift; path = DiscoverViewController.swift; sourceTree = "<group>"; };
		805338031CC61FD200C251E9 /* DiscoverViewController.xib */ = {isa = PBXFileReference; fileEncoding = 4; lastKnownFileType = file.xib; path = DiscoverViewController.xib; sourceTree = "<group>"; };
		805338061CC61FEF00C251E9 /* UsersViewController.swift */ = {isa = PBXFileReference; fileEncoding = 4; lastKnownFileType = sourcecode.swift; path = UsersViewController.swift; sourceTree = "<group>"; };
		805338071CC61FEF00C251E9 /* UsersViewController.xib */ = {isa = PBXFileReference; fileEncoding = 4; lastKnownFileType = file.xib; path = UsersViewController.xib; sourceTree = "<group>"; };
		805338111CC62E0F00C251E9 /* dialog_bg_blue.png */ = {isa = PBXFileReference; lastKnownFileType = image.png; path = dialog_bg_blue.png; sourceTree = "<group>"; };
		805338131CC62E7300C251E9 /* pic_title_bg9.png */ = {isa = PBXFileReference; lastKnownFileType = image.png; path = pic_title_bg9.png; sourceTree = "<group>"; };
		805338151CC6384E00C251E9 /* BaseViewController.swift */ = {isa = PBXFileReference; fileEncoding = 4; lastKnownFileType = sourcecode.swift; path = BaseViewController.swift; sourceTree = "<group>"; };
		80559EA81D77D98500823727 /* TimeFeaturedCollectionViewCell.swift */ = {isa = PBXFileReference; fileEncoding = 4; lastKnownFileType = sourcecode.swift; path = TimeFeaturedCollectionViewCell.swift; sourceTree = "<group>"; };
		80559EA91D77D98500823727 /* TimeFeaturedCollectionViewCell.xib */ = {isa = PBXFileReference; fileEncoding = 4; lastKnownFileType = file.xib; path = TimeFeaturedCollectionViewCell.xib; sourceTree = "<group>"; };
		80559EAC1D77DC3500823727 /* TopPostersCollectionReusableView.swift */ = {isa = PBXFileReference; fileEncoding = 4; lastKnownFileType = sourcecode.swift; path = TopPostersCollectionReusableView.swift; sourceTree = "<group>"; };
		80559EAD1D77DC3500823727 /* TopPostersCollectionReusableView.xib */ = {isa = PBXFileReference; fileEncoding = 4; lastKnownFileType = file.xib; path = TopPostersCollectionReusableView.xib; sourceTree = "<group>"; };
		80559EB21D78130C00823727 /* UIButton+Blocks.h */ = {isa = PBXFileReference; fileEncoding = 4; lastKnownFileType = sourcecode.c.h; path = "UIButton+Blocks.h"; sourceTree = "<group>"; };
		80559EB31D78130C00823727 /* UIButton+Blocks.m */ = {isa = PBXFileReference; fileEncoding = 4; lastKnownFileType = sourcecode.c.objc; path = "UIButton+Blocks.m"; sourceTree = "<group>"; };
		805AB3931D7EA59B00E24FF9 /* QDZDateFormatterString.swift */ = {isa = PBXFileReference; fileEncoding = 4; lastKnownFileType = sourcecode.swift; path = QDZDateFormatterString.swift; sourceTree = "<group>"; };
		805AB3951D7EA92A00E24FF9 /* icon_new_home.png */ = {isa = PBXFileReference; lastKnownFileType = image.png; path = icon_new_home.png; sourceTree = "<group>"; };
		805AB3971D7EA9C000E24FF9 /* low_new_tag.png */ = {isa = PBXFileReference; lastKnownFileType = image.png; path = low_new_tag.png; sourceTree = "<group>"; };
		805AB3991D7EAA6900E24FF9 /* button_green.png */ = {isa = PBXFileReference; lastKnownFileType = image.png; path = button_green.png; sourceTree = "<group>"; };
		805AB39B1D7EADD700E24FF9 /* bt_solid_orange_66.png */ = {isa = PBXFileReference; lastKnownFileType = image.png; path = bt_solid_orange_66.png; sourceTree = "<group>"; };
		805AB39D1D7EADE500E24FF9 /* bt_solid_green_66.png */ = {isa = PBXFileReference; lastKnownFileType = image.png; path = bt_solid_green_66.png; sourceTree = "<group>"; };
		805D88B41D79890A00257CFD /* SalingTicketsCollectionViewCell.swift */ = {isa = PBXFileReference; fileEncoding = 4; lastKnownFileType = sourcecode.swift; path = SalingTicketsCollectionViewCell.swift; sourceTree = "<group>"; };
		805D88B51D79890A00257CFD /* SalingTicketsCollectionViewCell.xib */ = {isa = PBXFileReference; fileEncoding = 4; lastKnownFileType = file.xib; path = SalingTicketsCollectionViewCell.xib; sourceTree = "<group>"; };
		805D88B81D798A2900257CFD /* icon_down_arrow@2x.png */ = {isa = PBXFileReference; lastKnownFileType = image.png; path = "icon_down_arrow@2x.png"; sourceTree = "<group>"; };
		805D88BA1D798C7D00257CFD /* icon_go@2x.png */ = {isa = PBXFileReference; lastKnownFileType = image.png; path = "icon_go@2x.png"; sourceTree = "<group>"; };
		8061749A1D7D0E3B0051D11B /* TimeFeatured.json */ = {isa = PBXFileReference; fileEncoding = 4; lastKnownFileType = text.json; path = TimeFeatured.json; sourceTree = "<group>"; };
		8061749B1D7D0E3B0051D11B /* HotPlayers.json */ = {isa = PBXFileReference; fileEncoding = 4; lastKnownFileType = text.json; path = HotPlayers.json; sourceTree = "<group>"; };
		806174A41D7D17BD0051D11B /* HotMovieModel.swift */ = {isa = PBXFileReference; fileEncoding = 4; lastKnownFileType = sourcecode.swift; path = HotMovieModel.swift; sourceTree = "<group>"; };
		806174A61D7D17E20051D11B /* HotMovies.swift */ = {isa = PBXFileReference; fileEncoding = 4; lastKnownFileType = sourcecode.swift; path = HotMovies.swift; sourceTree = "<group>"; };
		806174A81D7D45330051D11B /* HotPlayersSecondCollectionViewCell.swift */ = {isa = PBXFileReference; fileEncoding = 4; lastKnownFileType = sourcecode.swift; path = HotPlayersSecondCollectionViewCell.swift; sourceTree = "<group>"; };
		806174A91D7D45330051D11B /* HotPlayersSecondCollectionViewCell.xib */ = {isa = PBXFileReference; fileEncoding = 4; lastKnownFileType = file.xib; path = HotPlayersSecondCollectionViewCell.xib; sourceTree = "<group>"; };
		806174AC1D7D55030051D11B /* HotPlayersCollectionViewCell.swift */ = {isa = PBXFileReference; fileEncoding = 4; lastKnownFileType = sourcecode.swift; path = HotPlayersCollectionViewCell.swift; sourceTree = "<group>"; };
		806174AD1D7D55030051D11B /* HotPlayersCollectionViewCell.xib */ = {isa = PBXFileReference; fileEncoding = 4; lastKnownFileType = file.xib; path = HotPlayersCollectionViewCell.xib; sourceTree = "<group>"; };
		806174B01D7D58360051D11B /* QDZHorizontalScrollView.swift */ = {isa = PBXFileReference; fileEncoding = 4; lastKnownFileType = sourcecode.swift; path = QDZHorizontalScrollView.swift; sourceTree = "<group>"; };
		806174B41D7D5B480051D11B /* HotPlayersItemCollectionViewCell.swift */ = {isa = PBXFileReference; fileEncoding = 4; lastKnownFileType = sourcecode.swift; path = HotPlayersItemCollectionViewCell.swift; sourceTree = "<group>"; };
		806174B51D7D5B480051D11B /* HotPlayersItemCollectionViewCell.xib */ = {isa = PBXFileReference; fileEncoding = 4; lastKnownFileType = file.xib; path = HotPlayersItemCollectionViewCell.xib; sourceTree = "<group>"; };
		806174B81D7D74F30051D11B /* pic_btn_orange_on.png */ = {isa = PBXFileReference; lastKnownFileType = image.png; path = pic_btn_orange_on.png; sourceTree = "<group>"; };
		806174BA1D7D7E130051D11B /* img_home_new.png */ = {isa = PBXFileReference; lastKnownFileType = image.png; path = img_home_new.png; sourceTree = "<group>"; };
		80627FD81D8264E000B0980C /* MoviesMallCollectionViewCell.swift */ = {isa = PBXFileReference; fileEncoding = 4; lastKnownFileType = sourcecode.swift; path = MoviesMallCollectionViewCell.swift; sourceTree = "<group>"; };
		80627FD91D8264E000B0980C /* MoviesMallCollectionViewCell.xib */ = {isa = PBXFileReference; fileEncoding = 4; lastKnownFileType = file.xib; path = MoviesMallCollectionViewCell.xib; sourceTree = "<group>"; };
		80627FDC1D8268B500B0980C /* MoviesMallItemCollectionViewCell.swift */ = {isa = PBXFileReference; fileEncoding = 4; lastKnownFileType = sourcecode.swift; path = MoviesMallItemCollectionViewCell.swift; sourceTree = "<group>"; };
		80627FDD1D8268B500B0980C /* MoviesMallItemCollectionViewCell.xib */ = {isa = PBXFileReference; fileEncoding = 4; lastKnownFileType = file.xib; path = MoviesMallItemCollectionViewCell.xib; sourceTree = "<group>"; };
		80627FE41D82B99D00B0980C /* QDZColorExtensionUnity.swift */ = {isa = PBXFileReference; fileEncoding = 4; lastKnownFileType = sourcecode.swift; path = QDZColorExtensionUnity.swift; sourceTree = "<group>"; };
		8066AB781D81444C00D7D77A /* HomeModel.swift */ = {isa = PBXFileReference; fileEncoding = 4; lastKnownFileType = sourcecode.swift; path = HomeModel.swift; sourceTree = "<group>"; };
		8066AB7A1D81478A00D7D77A /* RecommendModel.swift */ = {isa = PBXFileReference; fileEncoding = 4; lastKnownFileType = sourcecode.swift; path = RecommendModel.swift; sourceTree = "<group>"; };
		806E8EC21CC727F6001D791E /* test.json */ = {isa = PBXFileReference; fileEncoding = 4; lastKnownFileType = text.json; name = test.json; path = "时光网Swift/test.json"; sourceTree = "<group>"; };
		806E8EF61CC75AF6001D791E /* Bridge.h */ = {isa = PBXFileReference; fileEncoding = 4; lastKnownFileType = sourcecode.c.h; name = Bridge.h; path = ../Bridge.h; sourceTree = "<group>"; };
		806E8EF71CC75CD4001D791E /* lead_bg_logo.png */ = {isa = PBXFileReference; lastKnownFileType = image.png; path = lead_bg_logo.png; sourceTree = "<group>"; };
		806EE8611CCDC3EB00595FBF /* TimerScrollView.swift */ = {isa = PBXFileReference; fileEncoding = 4; lastKnownFileType = sourcecode.swift; path = TimerScrollView.swift; sourceTree = "<group>"; };
		806EE8631CCDE9D800595FBF /* ConnectStr.swift */ = {isa = PBXFileReference; fileEncoding = 4; lastKnownFileType = sourcecode.swift; path = ConnectStr.swift; sourceTree = "<group>"; };
		806EE8671CCDEF4200595FBF /* SGNetWorkManager.swift */ = {isa = PBXFileReference; fileEncoding = 4; lastKnownFileType = sourcecode.swift; path = SGNetWorkManager.swift; sourceTree = "<group>"; };
		8088D1FE1D755E45001687D8 /* NavigationBarAwesome.swift */ = {isa = PBXFileReference; fileEncoding = 4; lastKnownFileType = sourcecode.swift; path = NavigationBarAwesome.swift; sourceTree = "<group>"; };
		8092EF091D865252003081FE /* libAFNetworking.a */ = {isa = PBXFileReference; lastKnownFileType = archive.ar; name = libAFNetworking.a; path = "../../Library/Developer/Xcode/DerivedData/时光网Swift-gxgroilhfpxmqqcoikugvgphgtcm/Build/Products/Debug-iphonesimulator/AFNetworking/libAFNetworking.a"; sourceTree = "<group>"; };
		8092EF0B1D865255003081FE /* libSDWebImage.a */ = {isa = PBXFileReference; lastKnownFileType = archive.ar; name = libSDWebImage.a; path = "../../Library/Developer/Xcode/DerivedData/时光网Swift-gxgroilhfpxmqqcoikugvgphgtcm/Build/Products/Debug-iphonesimulator/SDWebImage/libSDWebImage.a"; sourceTree = "<group>"; };
		8092EF0E1D867CAE003081FE /* AdvListCollectionViewCell.swift */ = {isa = PBXFileReference; fileEncoding = 4; lastKnownFileType = sourcecode.swift; path = AdvListCollectionViewCell.swift; sourceTree = "<group>"; };
		8092EF0F1D867CAE003081FE /* AdvListCollectionViewCell.xib */ = {isa = PBXFileReference; fileEncoding = 4; lastKnownFileType = file.xib; path = AdvListCollectionViewCell.xib; sourceTree = "<group>"; };
		8092EF121D8689AF003081FE /* MallEntrysModel.swift */ = {isa = PBXFileReference; fileEncoding = 4; lastKnownFileType = sourcecode.swift; path = MallEntrysModel.swift; sourceTree = "<group>"; };
		8092EF141D868C84003081FE /* home_entry0.png */ = {isa = PBXFileReference; lastKnownFileType = image.png; path = home_entry0.png; sourceTree = "<group>"; };
		8092EF151D868C84003081FE /* home_entry1.png */ = {isa = PBXFileReference; lastKnownFileType = image.png; path = home_entry1.png; sourceTree = "<group>"; };
		8092EF161D868C84003081FE /* home_entry2.png */ = {isa = PBXFileReference; lastKnownFileType = image.png; path = home_entry2.png; sourceTree = "<group>"; };
		8092EF171D868C84003081FE /* home_entry3.png */ = {isa = PBXFileReference; lastKnownFileType = image.png; path = home_entry3.png; sourceTree = "<group>"; };
		8092EF1C1D869ABD003081FE /* AdvListTimerForScrollCollectionViewCell.swift */ = {isa = PBXFileReference; fileEncoding = 4; lastKnownFileType = sourcecode.swift; path = AdvListTimerForScrollCollectionViewCell.swift; sourceTree = "<group>"; };
		8092EF1D1D869ABD003081FE /* AdvListTimerForScrollCollectionViewCell.xib */ = {isa = PBXFileReference; fileEncoding = 4; lastKnownFileType = file.xib; path = AdvListTimerForScrollCollectionViewCell.xib; sourceTree = "<group>"; };
		8098B8F01CC786AD00A6B8B8 /* Config.swift */ = {isa = PBXFileReference; fileEncoding = 4; lastKnownFileType = sourcecode.swift; path = Config.swift; sourceTree = "<group>"; };
		80F37CB51CCF0A63000AFB26 /* PosterDetailViewController.swift */ = {isa = PBXFileReference; fileEncoding = 4; lastKnownFileType = sourcecode.swift; path = PosterDetailViewController.swift; sourceTree = "<group>"; };
		80F37CB61CCF0A63000AFB26 /* PosterDetailViewController.xib */ = {isa = PBXFileReference; fileEncoding = 4; lastKnownFileType = file.xib; path = PosterDetailViewController.xib; sourceTree = "<group>"; };
		80F37CB91CCF10C0000AFB26 /* DetailViewController.swift */ = {isa = PBXFileReference; fileEncoding = 4; lastKnownFileType = sourcecode.swift; path = DetailViewController.swift; sourceTree = "<group>"; };
		8B2FFD9D49848FEFB4E62920 /* libPods-时光网Swift.a */ = {isa = PBXFileReference; explicitFileType = archive.ar; includeInIndex = 0; path = "libPods-时光网Swift.a"; sourceTree = BUILT_PRODUCTS_DIR; };
		93ADFE48E203D955A2A61C17 /* Pods-时光网Swift.release.xcconfig */ = {isa = PBXFileReference; includeInIndex = 1; lastKnownFileType = text.xcconfig; name = "Pods-时光网Swift.release.xcconfig"; path = "Pods/Target Support Files/Pods-时光网Swift/Pods-时光网Swift.release.xcconfig"; sourceTree = "<group>"; };
		F92BB41BD79507EA8F96FD25 /* Pods-时光网Swift.debug.xcconfig */ = {isa = PBXFileReference; includeInIndex = 1; lastKnownFileType = text.xcconfig; name = "Pods-时光网Swift.debug.xcconfig"; path = "Pods/Target Support Files/Pods-时光网Swift/Pods-时光网Swift.debug.xcconfig"; sourceTree = "<group>"; };
/* End PBXFileReference section */

/* Begin PBXFrameworksBuildPhase section */
		8053379F1CC5DB7300C251E9 /* Frameworks */ = {
			isa = PBXFrameworksBuildPhase;
			buildActionMask = 2147483647;
			files = (
				E828EE7B3C48563C5C17D0A6 /* libPods-时光网Swift.a in Frameworks */,
			);
			runOnlyForDeploymentPostprocessing = 0;
		};
		805337B31CC5DB7300C251E9 /* Frameworks */ = {
			isa = PBXFrameworksBuildPhase;
			buildActionMask = 2147483647;
			files = (
			);
			runOnlyForDeploymentPostprocessing = 0;
		};
		805337BE1CC5DB7300C251E9 /* Frameworks */ = {
			isa = PBXFrameworksBuildPhase;
			buildActionMask = 2147483647;
			files = (
			);
			runOnlyForDeploymentPostprocessing = 0;
		};
/* End PBXFrameworksBuildPhase section */

/* Begin PBXGroup section */
		226E1AA18B6304F9023A0DE8 /* Frameworks */ = {
			isa = PBXGroup;
			children = (
				8092EF0B1D865255003081FE /* libSDWebImage.a */,
				8092EF091D865252003081FE /* libAFNetworking.a */,
				8B2FFD9D49848FEFB4E62920 /* libPods-时光网Swift.a */,
			);
			name = Frameworks;
			sourceTree = "<group>";
		};
		34305222870AFFAEB0D8C44B /* Pods */ = {
			isa = PBXGroup;
			children = (
				F92BB41BD79507EA8F96FD25 /* Pods-时光网Swift.debug.xcconfig */,
				93ADFE48E203D955A2A61C17 /* Pods-时光网Swift.release.xcconfig */,
			);
			name = Pods;
			sourceTree = "<group>";
		};
		80354F0D1CC659E0000BFC7E /* Model */ = {
			isa = PBXGroup;
			children = (
				8066AB781D81444C00D7D77A /* HomeModel.swift */,
				80354F0E1CC65A0A000BFC7E /* TopPoster.swift */,
				8066AB7A1D81478A00D7D77A /* RecommendModel.swift */,
				8092EF121D8689AF003081FE /* MallEntrysModel.swift */,
				80354F101CC65AE1000BFC7E /* GotoPage.swift */,
				806174A61D7D17E20051D11B /* HotMovies.swift */,
				806174A41D7D17BD0051D11B /* HotMovieModel.swift */,
			);
			name = Model;
			sourceTree = "<group>";
		};
		805337991CC5DB7300C251E9 = {
			isa = PBXGroup;
			children = (
				805337A41CC5DB7300C251E9 /* 时光网Swift */,
				805337B91CC5DB7300C251E9 /* 时光网SwiftTests */,
				805337C41CC5DB7300C251E9 /* 时光网SwiftUITests */,
				805337A31CC5DB7300C251E9 /* Products */,
				34305222870AFFAEB0D8C44B /* Pods */,
				226E1AA18B6304F9023A0DE8 /* Frameworks */,
			);
			sourceTree = "<group>";
		};
		805337A31CC5DB7300C251E9 /* Products */ = {
			isa = PBXGroup;
			children = (
				805337A21CC5DB7300C251E9 /* 时光网Swift.app */,
				805337B61CC5DB7300C251E9 /* 时光网SwiftTests.xctest */,
				805337C11CC5DB7300C251E9 /* 时光网SwiftUITests.xctest */,
			);
			name = Products;
			sourceTree = "<group>";
		};
		805337A41CC5DB7300C251E9 /* 时光网Swift */ = {
			isa = PBXGroup;
			children = (
				805337A51CC5DB7300C251E9 /* AppDelegate.swift */,
				805337D51CC5E56800C251E9 /* MainTabBarViewController.swift */,
				805337F01CC60C3A00C251E9 /* MainTabbarButton.swift */,
				805337F41CC61F1A00C251E9 /* MainNavigationViewController.swift */,
				805338151CC6384E00C251E9 /* BaseViewController.swift */,
				80F37CB91CCF10C0000AFB26 /* DetailViewController.swift */,
				8053380A1CC6284800C251E9 /* Home */,
				8053380E1CC6285E00C251E9 /* BookTickets */,
				8053380D1CC6285C00C251E9 /* Shopping */,
				8053380C1CC6285600C251E9 /* Discover */,
				8053380B1CC6285300C251E9 /* Users */,
				8098B8EC1CC781A100A6B8B8 /* Unity */,
				806174991D7D0E1D0051D11B /* JSON */,
				805337D71CC5E8C600C251E9 /* image */,
				805337AC1CC5DB7300C251E9 /* Assets.xcassets */,
				805337AE1CC5DB7300C251E9 /* LaunchScreen.storyboard */,
				805337B11CC5DB7300C251E9 /* Info.plist */,
			);
			path = "时光网Swift";
			sourceTree = "<group>";
		};
		805337B91CC5DB7300C251E9 /* 时光网SwiftTests */ = {
			isa = PBXGroup;
			children = (
				805337BA1CC5DB7300C251E9 /* ___SwiftTests.swift */,
				805337BC1CC5DB7300C251E9 /* Info.plist */,
			);
			path = "时光网SwiftTests";
			sourceTree = "<group>";
		};
		805337C41CC5DB7300C251E9 /* 时光网SwiftUITests */ = {
			isa = PBXGroup;
			children = (
				805337C51CC5DB7300C251E9 /* ___SwiftUITests.swift */,
				805337C71CC5DB7300C251E9 /* Info.plist */,
			);
			path = "时光网SwiftUITests";
			sourceTree = "<group>";
		};
		805337D71CC5E8C600C251E9 /* image */ = {
			isa = PBXGroup;
			children = (
				8092EF141D868C84003081FE /* home_entry0.png */,
				8092EF151D868C84003081FE /* home_entry1.png */,
				8092EF161D868C84003081FE /* home_entry2.png */,
				8092EF171D868C84003081FE /* home_entry3.png */,
				805AB39D1D7EADE500E24FF9 /* bt_solid_green_66.png */,
				805AB39B1D7EADD700E24FF9 /* bt_solid_orange_66.png */,
				805AB3971D7EA9C000E24FF9 /* low_new_tag.png */,
				805AB3951D7EA92A00E24FF9 /* icon_new_home.png */,
				806174BA1D7D7E130051D11B /* img_home_new.png */,
				805AB3991D7EAA6900E24FF9 /* button_green.png */,
				806174B81D7D74F30051D11B /* pic_btn_orange_on.png */,
				805D88BA1D798C7D00257CFD /* icon_go@2x.png */,
				805D88B81D798A2900257CFD /* icon_down_arrow@2x.png */,
				800EBCF21CC8DCB700962D75 /* home_scan.png */,
				800EBCF31CC8DCB700962D75 /* home_search_background.png */,
				806E8EF71CC75CD4001D791E /* lead_bg_logo.png */,
				80354F0B1CC6502B000BFC7E /* pic_logo_mtime.png */,
				805338131CC62E7300C251E9 /* pic_title_bg9.png */,
				805338111CC62E0F00C251E9 /* dialog_bg_blue.png */,
				805337D81CC6022500C251E9 /* tab_discover01.png */,
				805337D91CC6022500C251E9 /* tab_discover02.png */,
				805337DA1CC6022500C251E9 /* tab_home01.png */,
				805337DB1CC6022500C251E9 /* tab_home02.png */,
				805337DC1CC6022500C251E9 /* tab_payticket01.png */,
				805337DD1CC6022500C251E9 /* tab_payticket02.png */,
				805337DE1CC6022500C251E9 /* tab_shop01.png */,
				805337DF1CC6022500C251E9 /* tab_shop02.png */,
				805337E01CC6022500C251E9 /* user01.png */,
				805337E11CC6022500C251E9 /* user02.png */,
			);
			name = image;
			sourceTree = "<group>";
		};
		8053380A1CC6284800C251E9 /* Home */ = {
			isa = PBXGroup;
			children = (
				806E8EFA1CC76231001D791E /* Controller */,
				80354F0D1CC659E0000BFC7E /* Model */,
				806E8EFB1CC76246001D791E /* View */,
			);
			name = Home;
			sourceTree = "<group>";
		};
		8053380B1CC6285300C251E9 /* Users */ = {
			isa = PBXGroup;
			children = (
				805338061CC61FEF00C251E9 /* UsersViewController.swift */,
				805338071CC61FEF00C251E9 /* UsersViewController.xib */,
			);
			name = Users;
			sourceTree = "<group>";
		};
		8053380C1CC6285600C251E9 /* Discover */ = {
			isa = PBXGroup;
			children = (
				805338021CC61FD200C251E9 /* DiscoverViewController.swift */,
				805338031CC61FD200C251E9 /* DiscoverViewController.xib */,
			);
			name = Discover;
			sourceTree = "<group>";
		};
		8053380D1CC6285C00C251E9 /* Shopping */ = {
			isa = PBXGroup;
			children = (
				805337FE1CC61FC400C251E9 /* ShoppingViewController.swift */,
				805337FF1CC61FC400C251E9 /* ShoppingViewController.xib */,
			);
			name = Shopping;
			sourceTree = "<group>";
		};
		8053380E1CC6285E00C251E9 /* BookTickets */ = {
			isa = PBXGroup;
			children = (
				805337FA1CC61FB000C251E9 /* BookTicketsViewController.swift */,
				805337FB1CC61FB000C251E9 /* BookTicketsViewController.xib */,
			);
			name = BookTickets;
			sourceTree = "<group>";
		};
		806174991D7D0E1D0051D11B /* JSON */ = {
			isa = PBXGroup;
			children = (
				806E8EC21CC727F6001D791E /* test.json */,
				8061749A1D7D0E3B0051D11B /* TimeFeatured.json */,
				8061749B1D7D0E3B0051D11B /* HotPlayers.json */,
			);
			name = JSON;
			path = ..;
			sourceTree = "<group>";
		};
		806E8EFA1CC76231001D791E /* Controller */ = {
			isa = PBXGroup;
			children = (
				805337F61CC61F4B00C251E9 /* HomeViewController.swift */,
				805337F71CC61F4B00C251E9 /* HomeViewController.xib */,
				80F37CB51CCF0A63000AFB26 /* PosterDetailViewController.swift */,
				80F37CB61CCF0A63000AFB26 /* PosterDetailViewController.xib */,
			);
			name = Controller;
			sourceTree = "<group>";
		};
		806E8EFB1CC76246001D791E /* View */ = {
			isa = PBXGroup;
			children = (
				80559EAC1D77DC3500823727 /* TopPostersCollectionReusableView.swift */,
				80559EAD1D77DC3500823727 /* TopPostersCollectionReusableView.xib */,
				805D88B41D79890A00257CFD /* SalingTicketsCollectionViewCell.swift */,
				805D88B51D79890A00257CFD /* SalingTicketsCollectionViewCell.xib */,
				806174AC1D7D55030051D11B /* HotPlayersCollectionViewCell.swift */,
				806174AD1D7D55030051D11B /* HotPlayersCollectionViewCell.xib */,
				806174B41D7D5B480051D11B /* HotPlayersItemCollectionViewCell.swift */,
				806174B51D7D5B480051D11B /* HotPlayersItemCollectionViewCell.xib */,
				806174A81D7D45330051D11B /* HotPlayersSecondCollectionViewCell.swift */,
				806174A91D7D45330051D11B /* HotPlayersSecondCollectionViewCell.xib */,
				80627FD81D8264E000B0980C /* MoviesMallCollectionViewCell.swift */,
				80627FD91D8264E000B0980C /* MoviesMallCollectionViewCell.xib */,
				80627FDC1D8268B500B0980C /* MoviesMallItemCollectionViewCell.swift */,
				80627FDD1D8268B500B0980C /* MoviesMallItemCollectionViewCell.xib */,
				8092EF0E1D867CAE003081FE /* AdvListCollectionViewCell.swift */,
				8092EF0F1D867CAE003081FE /* AdvListCollectionViewCell.xib */,
				8092EF1C1D869ABD003081FE /* AdvListTimerForScrollCollectionViewCell.swift */,
				8092EF1D1D869ABD003081FE /* AdvListTimerForScrollCollectionViewCell.xib */,
				80559EA81D77D98500823727 /* TimeFeaturedCollectionViewCell.swift */,
				80559EA91D77D98500823727 /* TimeFeaturedCollectionViewCell.xib */,
			);
			name = View;
			sourceTree = "<group>";
		};
		8098B8EC1CC781A100A6B8B8 /* Unity */ = {
			isa = PBXGroup;
			children = (
				8088D1FE1D755E45001687D8 /* NavigationBarAwesome.swift */,
				806EE8611CCDC3EB00595FBF /* TimerScrollView.swift */,
				806EE8671CCDEF4200595FBF /* SGNetWorkManager.swift */,
				80559EB21D78130C00823727 /* UIButton+Blocks.h */,
				80559EB31D78130C00823727 /* UIButton+Blocks.m */,
				806174B01D7D58360051D11B /* QDZHorizontalScrollView.swift */,
				805AB3931D7EA59B00E24FF9 /* QDZDateFormatterString.swift */,
				80627FE41D82B99D00B0980C /* QDZColorExtensionUnity.swift */,
				8098B8ED1CC781B700A6B8B8 /* Config */,
			);
			name = Unity;
			sourceTree = "<group>";
		};
		8098B8ED1CC781B700A6B8B8 /* Config */ = {
			isa = PBXGroup;
			children = (
				806E8EF61CC75AF6001D791E /* Bridge.h */,
				8098B8F01CC786AD00A6B8B8 /* Config.swift */,
				806EE8631CCDE9D800595FBF /* ConnectStr.swift */,
			);
			name = Config;
			sourceTree = "<group>";
		};
/* End PBXGroup section */

/* Begin PBXNativeTarget section */
		805337A11CC5DB7300C251E9 /* 时光网Swift */ = {
			isa = PBXNativeTarget;
			buildConfigurationList = 805337CA1CC5DB7300C251E9 /* Build configuration list for PBXNativeTarget "时光网Swift" */;
			buildPhases = (
				AAF18B9B4BA16701E8EFD117 /* 📦 Check Pods Manifest.lock */,
				8053379E1CC5DB7300C251E9 /* Sources */,
				8053379F1CC5DB7300C251E9 /* Frameworks */,
				805337A01CC5DB7300C251E9 /* Resources */,
				6E882B4E5ECCDB0044897EE8 /* 📦 Embed Pods Frameworks */,
				7E8306DC6CC6D7CF3359FC40 /* 📦 Copy Pods Resources */,
			);
			buildRules = (
			);
			dependencies = (
			);
			name = "时光网Swift";
			productName = "时光网Swift";
			productReference = 805337A21CC5DB7300C251E9 /* 时光网Swift.app */;
			productType = "com.apple.product-type.application";
		};
		805337B51CC5DB7300C251E9 /* 时光网SwiftTests */ = {
			isa = PBXNativeTarget;
			buildConfigurationList = 805337CD1CC5DB7300C251E9 /* Build configuration list for PBXNativeTarget "时光网SwiftTests" */;
			buildPhases = (
				805337B21CC5DB7300C251E9 /* Sources */,
				805337B31CC5DB7300C251E9 /* Frameworks */,
				805337B41CC5DB7300C251E9 /* Resources */,
			);
			buildRules = (
			);
			dependencies = (
				805337B81CC5DB7300C251E9 /* PBXTargetDependency */,
			);
			name = "时光网SwiftTests";
			productName = "时光网SwiftTests";
			productReference = 805337B61CC5DB7300C251E9 /* 时光网SwiftTests.xctest */;
			productType = "com.apple.product-type.bundle.unit-test";
		};
		805337C01CC5DB7300C251E9 /* 时光网SwiftUITests */ = {
			isa = PBXNativeTarget;
			buildConfigurationList = 805337D01CC5DB7300C251E9 /* Build configuration list for PBXNativeTarget "时光网SwiftUITests" */;
			buildPhases = (
				805337BD1CC5DB7300C251E9 /* Sources */,
				805337BE1CC5DB7300C251E9 /* Frameworks */,
				805337BF1CC5DB7300C251E9 /* Resources */,
			);
			buildRules = (
			);
			dependencies = (
				805337C31CC5DB7300C251E9 /* PBXTargetDependency */,
			);
			name = "时光网SwiftUITests";
			productName = "时光网SwiftUITests";
			productReference = 805337C11CC5DB7300C251E9 /* 时光网SwiftUITests.xctest */;
			productType = "com.apple.product-type.bundle.ui-testing";
		};
/* End PBXNativeTarget section */

/* Begin PBXProject section */
		8053379A1CC5DB7300C251E9 /* Project object */ = {
			isa = PBXProject;
			attributes = {
				LastSwiftUpdateCheck = 0720;
				LastUpgradeCheck = 0720;
				ORGANIZATIONNAME = "亓大志";
				TargetAttributes = {
					805337A11CC5DB7300C251E9 = {
						CreatedOnToolsVersion = 7.2.1;
						DevelopmentTeam = 6J94NBUQCE;
						LastSwiftMigration = 0800;
					};
					805337B51CC5DB7300C251E9 = {
						CreatedOnToolsVersion = 7.2.1;
						LastSwiftMigration = 0800;
						TestTargetID = 805337A11CC5DB7300C251E9;
					};
					805337C01CC5DB7300C251E9 = {
						CreatedOnToolsVersion = 7.2.1;
						LastSwiftMigration = 0800;
						TestTargetID = 805337A11CC5DB7300C251E9;
					};
				};
			};
			buildConfigurationList = 8053379D1CC5DB7300C251E9 /* Build configuration list for PBXProject "时光网Swift" */;
			compatibilityVersion = "Xcode 3.2";
			developmentRegion = English;
			hasScannedForEncodings = 0;
			knownRegions = (
				en,
				Base,
			);
			mainGroup = 805337991CC5DB7300C251E9;
			productRefGroup = 805337A31CC5DB7300C251E9 /* Products */;
			projectDirPath = "";
			projectRoot = "";
			targets = (
				805337A11CC5DB7300C251E9 /* 时光网Swift */,
				805337B51CC5DB7300C251E9 /* 时光网SwiftTests */,
				805337C01CC5DB7300C251E9 /* 时光网SwiftUITests */,
			);
		};
/* End PBXProject section */

/* Begin PBXResourcesBuildPhase section */
		805337A01CC5DB7300C251E9 /* Resources */ = {
			isa = PBXResourcesBuildPhase;
			buildActionMask = 2147483647;
			files = (
				806174AF1D7D55030051D11B /* HotPlayersCollectionViewCell.xib in Resources */,
				805338121CC62E0F00C251E9 /* dialog_bg_blue.png in Resources */,
				806174B71D7D5B480051D11B /* HotPlayersItemCollectionViewCell.xib in Resources */,
				805338141CC62E7300C251E9 /* pic_title_bg9.png in Resources */,
				8061749D1D7D0E3B0051D11B /* HotPlayers.json in Resources */,
				805338091CC61FEF00C251E9 /* UsersViewController.xib in Resources */,
				800EBCF51CC8DCB700962D75 /* home_search_background.png in Resources */,
				805D88B91D798A2900257CFD /* icon_down_arrow@2x.png in Resources */,
				805AB39A1D7EAA6900E24FF9 /* button_green.png in Resources */,
				806E8EF81CC75CD4001D791E /* lead_bg_logo.png in Resources */,
				8092EF191D868C84003081FE /* home_entry1.png in Resources */,
				805337E31CC6022500C251E9 /* tab_discover02.png in Resources */,
				805337B01CC5DB7300C251E9 /* LaunchScreen.storyboard in Resources */,
				80627FDF1D8268B500B0980C /* MoviesMallItemCollectionViewCell.xib in Resources */,
				8092EF1A1D868C84003081FE /* home_entry2.png in Resources */,
				806174BB1D7D7E130051D11B /* img_home_new.png in Resources */,
				8092EF181D868C84003081FE /* home_entry0.png in Resources */,
				805AB39E1D7EADE500E24FF9 /* bt_solid_green_66.png in Resources */,
				806E8EC31CC727F6001D791E /* test.json in Resources */,
				805D88BB1D798C7D00257CFD /* icon_go@2x.png in Resources */,
				805337F91CC61F4B00C251E9 /* HomeViewController.xib in Resources */,
				805337E61CC6022500C251E9 /* tab_payticket01.png in Resources */,
				805AB3981D7EA9C000E24FF9 /* low_new_tag.png in Resources */,
				805337E21CC6022500C251E9 /* tab_discover01.png in Resources */,
				805337FD1CC61FB000C251E9 /* BookTicketsViewController.xib in Resources */,
				805337E71CC6022500C251E9 /* tab_payticket02.png in Resources */,
				80F37CB81CCF0A63000AFB26 /* PosterDetailViewController.xib in Resources */,
				8092EF1B1D868C84003081FE /* home_entry3.png in Resources */,
				805AB3961D7EA92A00E24FF9 /* icon_new_home.png in Resources */,
				805337E41CC6022500C251E9 /* tab_home01.png in Resources */,
				80354F0C1CC6502B000BFC7E /* pic_logo_mtime.png in Resources */,
				805337EA1CC6022500C251E9 /* user01.png in Resources */,
				8092EF111D867CAE003081FE /* AdvListCollectionViewCell.xib in Resources */,
				805338051CC61FD200C251E9 /* DiscoverViewController.xib in Resources */,
				805337E81CC6022500C251E9 /* tab_shop01.png in Resources */,
				805337E91CC6022500C251E9 /* tab_shop02.png in Resources */,
				805D88B71D79890A00257CFD /* SalingTicketsCollectionViewCell.xib in Resources */,
				805337E51CC6022500C251E9 /* tab_home02.png in Resources */,
				806174B91D7D74F30051D11B /* pic_btn_orange_on.png in Resources */,
				8092EF1F1D869ABD003081FE /* AdvListTimerForScrollCollectionViewCell.xib in Resources */,
				805337EB1CC6022500C251E9 /* user02.png in Resources */,
				80559EAF1D77DC3500823727 /* TopPostersCollectionReusableView.xib in Resources */,
				800EBCF41CC8DCB700962D75 /* home_scan.png in Resources */,
				8061749C1D7D0E3B0051D11B /* TimeFeatured.json in Resources */,
				805AB39C1D7EADD700E24FF9 /* bt_solid_orange_66.png in Resources */,
				805337AD1CC5DB7300C251E9 /* Assets.xcassets in Resources */,
				806174AB1D7D45330051D11B /* HotPlayersSecondCollectionViewCell.xib in Resources */,
				80627FDB1D8264E000B0980C /* MoviesMallCollectionViewCell.xib in Resources */,
				805338011CC61FC400C251E9 /* ShoppingViewController.xib in Resources */,
				80559EAB1D77D98500823727 /* TimeFeaturedCollectionViewCell.xib in Resources */,
			);
			runOnlyForDeploymentPostprocessing = 0;
		};
		805337B41CC5DB7300C251E9 /* Resources */ = {
			isa = PBXResourcesBuildPhase;
			buildActionMask = 2147483647;
			files = (
			);
			runOnlyForDeploymentPostprocessing = 0;
		};
		805337BF1CC5DB7300C251E9 /* Resources */ = {
			isa = PBXResourcesBuildPhase;
			buildActionMask = 2147483647;
			files = (
			);
			runOnlyForDeploymentPostprocessing = 0;
		};
/* End PBXResourcesBuildPhase section */

/* Begin PBXShellScriptBuildPhase section */
		6E882B4E5ECCDB0044897EE8 /* 📦 Embed Pods Frameworks */ = {
			isa = PBXShellScriptBuildPhase;
			buildActionMask = 2147483647;
			files = (
			);
			inputPaths = (
			);
			name = "📦 Embed Pods Frameworks";
			outputPaths = (
			);
			runOnlyForDeploymentPostprocessing = 0;
			shellPath = /bin/sh;
			shellScript = "\"${SRCROOT}/Pods/Target Support Files/Pods-时光网Swift/Pods-时光网Swift-frameworks.sh\"\n";
			showEnvVarsInLog = 0;
		};
		7E8306DC6CC6D7CF3359FC40 /* 📦 Copy Pods Resources */ = {
			isa = PBXShellScriptBuildPhase;
			buildActionMask = 2147483647;
			files = (
			);
			inputPaths = (
			);
			name = "📦 Copy Pods Resources";
			outputPaths = (
			);
			runOnlyForDeploymentPostprocessing = 0;
			shellPath = /bin/sh;
			shellScript = "\"${SRCROOT}/Pods/Target Support Files/Pods-时光网Swift/Pods-时光网Swift-resources.sh\"\n";
			showEnvVarsInLog = 0;
		};
		AAF18B9B4BA16701E8EFD117 /* 📦 Check Pods Manifest.lock */ = {
			isa = PBXShellScriptBuildPhase;
			buildActionMask = 2147483647;
			files = (
			);
			inputPaths = (
			);
			name = "📦 Check Pods Manifest.lock";
			outputPaths = (
			);
			runOnlyForDeploymentPostprocessing = 0;
			shellPath = /bin/sh;
			shellScript = "diff \"${PODS_ROOT}/../Podfile.lock\" \"${PODS_ROOT}/Manifest.lock\" > /dev/null\nif [[ $? != 0 ]] ; then\n    cat << EOM\nerror: The sandbox is not in sync with the Podfile.lock. Run 'pod install' or update your CocoaPods installation.\nEOM\n    exit 1\nfi\n";
			showEnvVarsInLog = 0;
		};
/* End PBXShellScriptBuildPhase section */

/* Begin PBXSourcesBuildPhase section */
		8053379E1CC5DB7300C251E9 /* Sources */ = {
			isa = PBXSourcesBuildPhase;
			buildActionMask = 2147483647;
			files = (
				8092EF101D867CAE003081FE /* AdvListCollectionViewCell.swift in Sources */,
				80627FDE1D8268B500B0980C /* MoviesMallItemCollectionViewCell.swift in Sources */,
				805338041CC61FD200C251E9 /* DiscoverViewController.swift in Sources */,
				805337F51CC61F1A00C251E9 /* MainNavigationViewController.swift in Sources */,
				806174B61D7D5B480051D11B /* HotPlayersItemCollectionViewCell.swift in Sources */,
				80F37CB71CCF0A63000AFB26 /* PosterDetailViewController.swift in Sources */,
				8098B8F11CC786AD00A6B8B8 /* Config.swift in Sources */,
				80627FE51D82B99D00B0980C /* QDZColorExtensionUnity.swift in Sources */,
				805337A61CC5DB7300C251E9 /* AppDelegate.swift in Sources */,
				80354F0F1CC65A0A000BFC7E /* TopPoster.swift in Sources */,
				806174A51D7D17BD0051D11B /* HotMovieModel.swift in Sources */,
				80559EAE1D77DC3500823727 /* TopPostersCollectionReusableView.swift in Sources */,
				805337D61CC5E56800C251E9 /* MainTabBarViewController.swift in Sources */,
				8088D1FF1D755E45001687D8 /* NavigationBarAwesome.swift in Sources */,
				805337FC1CC61FB000C251E9 /* BookTicketsViewController.swift in Sources */,
				8092EF1E1D869ABD003081FE /* AdvListTimerForScrollCollectionViewCell.swift in Sources */,
				80627FDA1D8264E000B0980C /* MoviesMallCollectionViewCell.swift in Sources */,
				806174B11D7D58360051D11B /* QDZHorizontalScrollView.swift in Sources */,
				8092EF131D8689AF003081FE /* MallEntrysModel.swift in Sources */,
				805338161CC6384E00C251E9 /* BaseViewController.swift in Sources */,
				80354F111CC65AE1000BFC7E /* GotoPage.swift in Sources */,
				80F37CBA1CCF10C0000AFB26 /* DetailViewController.swift in Sources */,
				806EE8621CCDC3EB00595FBF /* TimerScrollView.swift in Sources */,
				805337F11CC60C3A00C251E9 /* MainTabbarButton.swift in Sources */,
				805338081CC61FEF00C251E9 /* UsersViewController.swift in Sources */,
				805338001CC61FC400C251E9 /* ShoppingViewController.swift in Sources */,
				80559EB41D78130C00823727 /* UIButton+Blocks.m in Sources */,
				806174A71D7D17E20051D11B /* HotMovies.swift in Sources */,
				806174AE1D7D55030051D11B /* HotPlayersCollectionViewCell.swift in Sources */,
				8066AB791D81444C00D7D77A /* HomeModel.swift in Sources */,
				806EE8641CCDE9D800595FBF /* ConnectStr.swift in Sources */,
				80559EAA1D77D98500823727 /* TimeFeaturedCollectionViewCell.swift in Sources */,
				8066AB7B1D81478A00D7D77A /* RecommendModel.swift in Sources */,
				805337F81CC61F4B00C251E9 /* HomeViewController.swift in Sources */,
				806174AA1D7D45330051D11B /* HotPlayersSecondCollectionViewCell.swift in Sources */,
				805AB3941D7EA59B00E24FF9 /* QDZDateFormatterString.swift in Sources */,
				806EE8681CCDEF4200595FBF /* SGNetWorkManager.swift in Sources */,
				805D88B61D79890A00257CFD /* SalingTicketsCollectionViewCell.swift in Sources */,
			);
			runOnlyForDeploymentPostprocessing = 0;
		};
		805337B21CC5DB7300C251E9 /* Sources */ = {
			isa = PBXSourcesBuildPhase;
			buildActionMask = 2147483647;
			files = (
				805337BB1CC5DB7300C251E9 /* ___SwiftTests.swift in Sources */,
			);
			runOnlyForDeploymentPostprocessing = 0;
		};
		805337BD1CC5DB7300C251E9 /* Sources */ = {
			isa = PBXSourcesBuildPhase;
			buildActionMask = 2147483647;
			files = (
				805337C61CC5DB7300C251E9 /* ___SwiftUITests.swift in Sources */,
			);
			runOnlyForDeploymentPostprocessing = 0;
		};
/* End PBXSourcesBuildPhase section */

/* Begin PBXTargetDependency section */
		805337B81CC5DB7300C251E9 /* PBXTargetDependency */ = {
			isa = PBXTargetDependency;
			target = 805337A11CC5DB7300C251E9 /* 时光网Swift */;
			targetProxy = 805337B71CC5DB7300C251E9 /* PBXContainerItemProxy */;
		};
		805337C31CC5DB7300C251E9 /* PBXTargetDependency */ = {
			isa = PBXTargetDependency;
			target = 805337A11CC5DB7300C251E9 /* 时光网Swift */;
			targetProxy = 805337C21CC5DB7300C251E9 /* PBXContainerItemProxy */;
		};
/* End PBXTargetDependency section */

/* Begin PBXVariantGroup section */
		805337AE1CC5DB7300C251E9 /* LaunchScreen.storyboard */ = {
			isa = PBXVariantGroup;
			children = (
				805337AF1CC5DB7300C251E9 /* Base */,
			);
			name = LaunchScreen.storyboard;
			sourceTree = "<group>";
		};
/* End PBXVariantGroup section */

/* Begin XCBuildConfiguration section */
		805337C81CC5DB7300C251E9 /* Debug */ = {
			isa = XCBuildConfiguration;
			buildSettings = {
				ALWAYS_SEARCH_USER_PATHS = NO;
				CLANG_CXX_LANGUAGE_STANDARD = "gnu++0x";
				CLANG_CXX_LIBRARY = "libc++";
				CLANG_ENABLE_MODULES = YES;
				CLANG_ENABLE_OBJC_ARC = YES;
				CLANG_WARN_BOOL_CONVERSION = YES;
				CLANG_WARN_CONSTANT_CONVERSION = YES;
				CLANG_WARN_DIRECT_OBJC_ISA_USAGE = YES_ERROR;
				CLANG_WARN_EMPTY_BODY = YES;
				CLANG_WARN_ENUM_CONVERSION = YES;
				CLANG_WARN_INT_CONVERSION = YES;
				CLANG_WARN_OBJC_ROOT_CLASS = YES_ERROR;
				CLANG_WARN_UNREACHABLE_CODE = YES;
				CLANG_WARN__DUPLICATE_METHOD_MATCH = YES;
				"CODE_SIGN_IDENTITY[sdk=iphoneos*]" = "iPhone Developer";
				COPY_PHASE_STRIP = NO;
				DEBUG_INFORMATION_FORMAT = dwarf;
				ENABLE_STRICT_OBJC_MSGSEND = YES;
				ENABLE_TESTABILITY = YES;
				GCC_C_LANGUAGE_STANDARD = gnu99;
				GCC_DYNAMIC_NO_PIC = NO;
				GCC_NO_COMMON_BLOCKS = YES;
				GCC_OPTIMIZATION_LEVEL = 0;
				GCC_PREPROCESSOR_DEFINITIONS = (
					"DEBUG=1",
					"$(inherited)",
				);
				GCC_WARN_64_TO_32_BIT_CONVERSION = YES;
				GCC_WARN_ABOUT_RETURN_TYPE = YES_ERROR;
				GCC_WARN_UNDECLARED_SELECTOR = YES;
				GCC_WARN_UNINITIALIZED_AUTOS = YES_AGGRESSIVE;
				GCC_WARN_UNUSED_FUNCTION = YES;
				GCC_WARN_UNUSED_VARIABLE = YES;
				IPHONEOS_DEPLOYMENT_TARGET = 9.2;
				MTL_ENABLE_DEBUG_INFO = YES;
				ONLY_ACTIVE_ARCH = YES;
				SDKROOT = iphoneos;
				SWIFT_OPTIMIZATION_LEVEL = "-Onone";
			};
			name = Debug;
		};
		805337C91CC5DB7300C251E9 /* Release */ = {
			isa = XCBuildConfiguration;
			buildSettings = {
				ALWAYS_SEARCH_USER_PATHS = NO;
				CLANG_CXX_LANGUAGE_STANDARD = "gnu++0x";
				CLANG_CXX_LIBRARY = "libc++";
				CLANG_ENABLE_MODULES = YES;
				CLANG_ENABLE_OBJC_ARC = YES;
				CLANG_WARN_BOOL_CONVERSION = YES;
				CLANG_WARN_CONSTANT_CONVERSION = YES;
				CLANG_WARN_DIRECT_OBJC_ISA_USAGE = YES_ERROR;
				CLANG_WARN_EMPTY_BODY = YES;
				CLANG_WARN_ENUM_CONVERSION = YES;
				CLANG_WARN_INT_CONVERSION = YES;
				CLANG_WARN_OBJC_ROOT_CLASS = YES_ERROR;
				CLANG_WARN_UNREACHABLE_CODE = YES;
				CLANG_WARN__DUPLICATE_METHOD_MATCH = YES;
				"CODE_SIGN_IDENTITY[sdk=iphoneos*]" = "iPhone Developer";
				COPY_PHASE_STRIP = NO;
				DEBUG_INFORMATION_FORMAT = "dwarf-with-dsym";
				ENABLE_NS_ASSERTIONS = NO;
				ENABLE_STRICT_OBJC_MSGSEND = YES;
				GCC_C_LANGUAGE_STANDARD = gnu99;
				GCC_NO_COMMON_BLOCKS = YES;
				GCC_WARN_64_TO_32_BIT_CONVERSION = YES;
				GCC_WARN_ABOUT_RETURN_TYPE = YES_ERROR;
				GCC_WARN_UNDECLARED_SELECTOR = YES;
				GCC_WARN_UNINITIALIZED_AUTOS = YES_AGGRESSIVE;
				GCC_WARN_UNUSED_FUNCTION = YES;
				GCC_WARN_UNUSED_VARIABLE = YES;
				IPHONEOS_DEPLOYMENT_TARGET = 9.2;
				MTL_ENABLE_DEBUG_INFO = NO;
				SDKROOT = iphoneos;
				VALIDATE_PRODUCT = YES;
			};
			name = Release;
		};
		805337CB1CC5DB7300C251E9 /* Debug */ = {
			isa = XCBuildConfiguration;
			baseConfigurationReference = F92BB41BD79507EA8F96FD25 /* Pods-时光网Swift.debug.xcconfig */;
			buildSettings = {
				ASSETCATALOG_COMPILER_APPICON_NAME = AppIcon;
				CODE_SIGN_IDENTITY = "iPhone Developer";
				DEVELOPMENT_TEAM = 6J94NBUQCE;
				INFOPLIST_FILE = "时光网Swift/Info.plist";
				IPHONEOS_DEPLOYMENT_TARGET = 8.0;
				LD_RUNPATH_SEARCH_PATHS = "$(inherited) @executable_path/Frameworks";
				ONLY_ACTIVE_ARCH = YES;
				OTHER_LDFLAGS = (
					"$(inherited)",
					"-ObjC",
					"-l\"AFNetworking\"",
					"-l\"SDWebImage\"",
					"-framework",
					"\"CoreGraphics\"",
					"-framework",
					"\"ImageIO\"",
					"-framework",
					"\"MobileCoreServices\"",
					"-framework",
					"\"Security\"",
					"-framework",
					"\"SystemConfiguration\"",
				);
				PRODUCT_BUNDLE_IDENTIFIER = "---.---Swift";
				PRODUCT_NAME = "$(TARGET_NAME)";
				SWIFT_OBJC_BRIDGING_HEADER = Bridge.h;
				SWIFT_VERSION = 3.0;
			};
			name = Debug;
		};
		805337CC1CC5DB7300C251E9 /* Release */ = {
			isa = XCBuildConfiguration;
			baseConfigurationReference = 93ADFE48E203D955A2A61C17 /* Pods-时光网Swift.release.xcconfig */;
			buildSettings = {
				ASSETCATALOG_COMPILER_APPICON_NAME = AppIcon;
				CODE_SIGN_IDENTITY = "iPhone Developer";
				DEVELOPMENT_TEAM = 6J94NBUQCE;
				INFOPLIST_FILE = "时光网Swift/Info.plist";
				IPHONEOS_DEPLOYMENT_TARGET = 8.0;
				LD_RUNPATH_SEARCH_PATHS = "$(inherited) @executable_path/Frameworks";
				OTHER_LDFLAGS = (
					"$(inherited)",
					"-ObjC",
					"-l\"AFNetworking\"",
					"-l\"SDWebImage\"",
					"-framework",
					"\"CoreGraphics\"",
					"-framework",
					"\"ImageIO\"",
					"-framework",
					"\"MobileCoreServices\"",
					"-framework",
					"\"Security\"",
					"-framework",
					"\"SystemConfiguration\"",
				);
				PRODUCT_BUNDLE_IDENTIFIER = "---.---Swift";
				PRODUCT_NAME = "$(TARGET_NAME)";
				SWIFT_OBJC_BRIDGING_HEADER = Bridge.h;
				SWIFT_VERSION = 3.0;
			};
			name = Release;
		};
		805337CE1CC5DB7300C251E9 /* Debug */ = {
			isa = XCBuildConfiguration;
			buildSettings = {
				BUNDLE_LOADER = "$(TEST_HOST)";
				INFOPLIST_FILE = "时光网SwiftTests/Info.plist";
				LD_RUNPATH_SEARCH_PATHS = "$(inherited) @executable_path/Frameworks @loader_path/Frameworks";
				PRODUCT_BUNDLE_IDENTIFIER = "---.---SwiftTests";
				PRODUCT_NAME = "$(TARGET_NAME)";
				SWIFT_VERSION = 3.0;
				TEST_HOST = "$(BUILT_PRODUCTS_DIR)/时光网Swift.app/时光网Swift";
			};
			name = Debug;
		};
		805337CF1CC5DB7300C251E9 /* Release */ = {
			isa = XCBuildConfiguration;
			buildSettings = {
				BUNDLE_LOADER = "$(TEST_HOST)";
				INFOPLIST_FILE = "时光网SwiftTests/Info.plist";
				LD_RUNPATH_SEARCH_PATHS = "$(inherited) @executable_path/Frameworks @loader_path/Frameworks";
				PRODUCT_BUNDLE_IDENTIFIER = "---.---SwiftTests";
				PRODUCT_NAME = "$(TARGET_NAME)";
				SWIFT_VERSION = 3.0;
				TEST_HOST = "$(BUILT_PRODUCTS_DIR)/时光网Swift.app/时光网Swift";
			};
			name = Release;
		};
		805337D11CC5DB7300C251E9 /* Debug */ = {
			isa = XCBuildConfiguration;
			buildSettings = {
				INFOPLIST_FILE = "时光网SwiftUITests/Info.plist";
				LD_RUNPATH_SEARCH_PATHS = "$(inherited) @executable_path/Frameworks @loader_path/Frameworks";
				PRODUCT_BUNDLE_IDENTIFIER = "---.---SwiftUITests";
				PRODUCT_NAME = "$(TARGET_NAME)";
				SWIFT_VERSION = 3.0;
				TEST_TARGET_NAME = "时光网Swift";
				USES_XCTRUNNER = YES;
			};
			name = Debug;
		};
		805337D21CC5DB7300C251E9 /* Release */ = {
			isa = XCBuildConfiguration;
			buildSettings = {
				INFOPLIST_FILE = "时光网SwiftUITests/Info.plist";
				LD_RUNPATH_SEARCH_PATHS = "$(inherited) @executable_path/Frameworks @loader_path/Frameworks";
				PRODUCT_BUNDLE_IDENTIFIER = "---.---SwiftUITests";
				PRODUCT_NAME = "$(TARGET_NAME)";
				SWIFT_VERSION = 3.0;
				TEST_TARGET_NAME = "时光网Swift";
				USES_XCTRUNNER = YES;
			};
			name = Release;
		};
/* End XCBuildConfiguration section */

/* Begin XCConfigurationList section */
		8053379D1CC5DB7300C251E9 /* Build configuration list for PBXProject "时光网Swift" */ = {
			isa = XCConfigurationList;
			buildConfigurations = (
				805337C81CC5DB7300C251E9 /* Debug */,
				805337C91CC5DB7300C251E9 /* Release */,
			);
			defaultConfigurationIsVisible = 0;
			defaultConfigurationName = Release;
		};
		805337CA1CC5DB7300C251E9 /* Build configuration list for PBXNativeTarget "时光网Swift" */ = {
			isa = XCConfigurationList;
			buildConfigurations = (
				805337CB1CC5DB7300C251E9 /* Debug */,
				805337CC1CC5DB7300C251E9 /* Release */,
			);
			defaultConfigurationIsVisible = 0;
			defaultConfigurationName = Release;
		};
		805337CD1CC5DB7300C251E9 /* Build configuration list for PBXNativeTarget "时光网SwiftTests" */ = {
			isa = XCConfigurationList;
			buildConfigurations = (
				805337CE1CC5DB7300C251E9 /* Debug */,
				805337CF1CC5DB7300C251E9 /* Release */,
			);
			defaultConfigurationIsVisible = 0;
			defaultConfigurationName = Release;
		};
		805337D01CC5DB7300C251E9 /* Build configuration list for PBXNativeTarget "时光网SwiftUITests" */ = {
			isa = XCConfigurationList;
			buildConfigurations = (
				805337D11CC5DB7300C251E9 /* Debug */,
				805337D21CC5DB7300C251E9 /* Release */,
			);
			defaultConfigurationIsVisible = 0;
			defaultConfigurationName = Release;
		};
/* End XCConfigurationList section */
	};
	rootObject = 8053379A1CC5DB7300C251E9 /* Project object */;
}
